// !$*UTF8*$!
{
	archiveVersion = 1;
	classes = {
	};
	objectVersion = 46;
	objects = {

/* Begin PBXBuildFile section */
		6198DEEB1C79221700D18E53 /* arduino.cpp in Sources */ = {isa = PBXBuildFile; fileRef = 6198DEEA1C79221700D18E53 /* arduino.cpp */; };
/* End PBXBuildFile section */

/* Begin PBXCopyFilesBuildPhase section */
		6198DEE51C79221700D18E53 /* CopyFiles */ = {
			isa = PBXCopyFilesBuildPhase;
			buildActionMask = 2147483647;
			dstPath = /usr/share/man/man1/;
			dstSubfolderSpec = 0;
			files = (
			);
			runOnlyForDeploymentPostprocessing = 1;
		};
/* End PBXCopyFilesBuildPhase section */

/* Begin PBXFileReference section */
		6198DEE71C79221700D18E53 /* ARDUINO */ = {isa = PBXFileReference; explicitFileType = "compiled.mach-o.executable"; includeInIndex = 0; path = ARDUINO; sourceTree = BUILT_PRODUCTS_DIR; };
		6198DEEA1C79221700D18E53 /* arduino.cpp */ = {isa = PBXFileReference; lastKnownFileType = sourcecode.cpp.cpp; path = arduino.cpp; sourceTree = "<group>"; };
		6198DEF11C79222800D18E53 /* Color.h */ = {isa = PBXFileReference; fileEncoding = 4; lastKnownFileType = sourcecode.c.h; path = Color.h; sourceTree = "<group>"; };
		6198DEF21C79222800D18E53 /* LEDStrip.h */ = {isa = PBXFileReference; fileEncoding = 4; lastKnownFileType = sourcecode.c.h; path = LEDStrip.h; sourceTree = "<group>"; };
		6198DEF31C79236F00D18E53 /* ArduinoNonsense.h */ = {isa = PBXFileReference; fileEncoding = 4; lastKnownFileType = sourcecode.c.h; path = ArduinoNonsense.h; sourceTree = "<group>"; };
/* End PBXFileReference section */

/* Begin PBXFrameworksBuildPhase section */
		6198DEE41C79221700D18E53 /* Frameworks */ = {
			isa = PBXFrameworksBuildPhase;
			buildActionMask = 2147483647;
			files = (
			);
			runOnlyForDeploymentPostprocessing = 0;
		};
/* End PBXFrameworksBuildPhase section */

/* Begin PBXGroup section */
		6198DEDE1C79221700D18E53 = {
			isa = PBXGroup;
			children = (
				6198DEE91C79221700D18E53 /* ARDUINO */,
				6198DEE81C79221700D18E53 /* Products */,
			);
			sourceTree = "<group>";
		};
		6198DEE81C79221700D18E53 /* Products */ = {
			isa = PBXGroup;
			children = (
				6198DEE71C79221700D18E53 /* ARDUINO */,
			);
			name = Products;
			sourceTree = "<group>";
		};
		6198DEE91C79221700D18E53 /* ARDUINO */ = {
			isa = PBXGroup;
			children = (
				6198DEEA1C79221700D18E53 /* arduino.cpp */,
				6198DEF31C79236F00D18E53 /* ArduinoNonsense.h */,
				6198DEF11C79222800D18E53 /* Color.h */,
				6198DEF21C79222800D18E53 /* LEDStrip.h */,
			);
			path = ARDUINO;
			sourceTree = "<group>";
		};
/* End PBXGroup section */

/* Begin PBXNativeTarget section */
		6198DEE61C79221700D18E53 /* ARDUINO */ = {
			isa = PBXNativeTarget;
			buildConfigurationList = 6198DEEE1C79221700D18E53 /* Build configuration list for PBXNativeTarget "ARDUINO" */;
			buildPhases = (
				6198DEE31C79221700D18E53 /* Sources */,
				6198DEE41C79221700D18E53 /* Frameworks */,
				6198DEE51C79221700D18E53 /* CopyFiles */,
			);
			buildRules = (
			);
			dependencies = (
			);
			name = ARDUINO;
			productName = ARDUINO;
			productReference = 6198DEE71C79221700D18E53 /* ARDUINO */;
			productType = "com.apple.product-type.tool";
		};
/* End PBXNativeTarget section */

/* Begin PBXProject section */
		6198DEDF1C79221700D18E53 /* Project object */ = {
			isa = PBXProject;
			attributes = {
				LastUpgradeCheck = 0710;
				ORGANIZATIONNAME = Vince;
				TargetAttributes = {
					6198DEE61C79221700D18E53 = {
						CreatedOnToolsVersion = 7.1.1;
					};
				};
			};
			buildConfigurationList = 6198DEE21C79221700D18E53 /* Build configuration list for PBXProject "ARDUINO" */;
			compatibilityVersion = "Xcode 3.2";
			developmentRegion = English;
			hasScannedForEncodings = 0;
			knownRegions = (
				en,
			);
			mainGroup = 6198DEDE1C79221700D18E53;
			productRefGroup = 6198DEE81C79221700D18E53 /* Products */;
			projectDirPath = "";
			projectRoot = "";
			targets = (
				6198DEE61C79221700D18E53 /* ARDUINO */,
			);
		};
/* End PBXProject section */

/* Begin PBXSourcesBuildPhase section */
		6198DEE31C79221700D18E53 /* Sources */ = {
			isa = PBXSourcesBuildPhase;
			buildActionMask = 2147483647;
			files = (
				6198DEEB1C79221700D18E53 /* arduino.cpp in Sources */,
			);
			runOnlyForDeploymentPostprocessing = 0;
		};
/* End PBXSourcesBuildPhase section */

/* Begin XCBuildConfiguration section */
		6198DEEC1C79221700D18E53 /* Debug */ = {
			isa = XCBuildConfiguration;
			buildSettings = {
				ALWAYS_SEARCH_USER_PATHS = NO;
				CLANG_CXX_LANGUAGE_STANDARD = "gnu++0x";
				CLANG_CXX_LIBRARY = "libc++";
				CLANG_ENABLE_MODULES = YES;
				CLANG_ENABLE_OBJC_ARC = YES;
				CLANG_WARN_BOOL_CONVERSION = YES;
				CLANG_WARN_CONSTANT_CONVERSION = YES;
				CLANG_WARN_DIRECT_OBJC_ISA_USAGE = YES_ERROR;
				CLANG_WARN_EMPTY_BODY = YES;
				CLANG_WARN_ENUM_CONVERSION = YES;
				CLANG_WARN_INT_CONVERSION = YES;
				CLANG_WARN_OBJC_ROOT_CLASS = YES_ERROR;
				CLANG_WARN_UNREACHABLE_CODE = YES;
				CLANG_WARN__DUPLICATE_METHOD_MATCH = YES;
				CODE_SIGN_IDENTITY = "-";
				COPY_PHASE_STRIP = NO;
				DEBUG_INFORMATION_FORMAT = dwarf;
				ENABLE_STRICT_OBJC_MSGSEND = YES;
				ENABLE_TESTABILITY = YES;
				GCC_C_LANGUAGE_STANDARD = gnu99;
				GCC_DYNAMIC_NO_PIC = NO;
				GCC_NO_COMMON_BLOCKS = YES;
				GCC_OPTIMIZATION_LEVEL = 0;
				GCC_PREPROCESSOR_DEFINITIONS = (
					"DEBUG=1",
					"$(inherited)",
				);
				GCC_WARN_64_TO_32_BIT_CONVERSION = YES;
				GCC_WARN_ABOUT_RETURN_TYPE = YES_ERROR;
				GCC_WARN_UNDECLARED_SELECTOR = YES;
				GCC_WARN_UNINITIALIZED_AUTOS = YES_AGGRESSIVE;
				GCC_WARN_UNUSED_FUNCTION = YES;
				GCC_WARN_UNUSED_VARIABLE = YES;
				MACOSX_DEPLOYMENT_TARGET = 10.11;
				MTL_ENABLE_DEBUG_INFO = YES;
				ONLY_ACTIVE_ARCH = YES;
				SDKROOT = macosx;
			};
			name = Debug;
		};
		6198DEED1C79221700D18E53 /* Release */ = {
			isa = XCBuildConfiguration;
			buildSettings = {
				ALWAYS_SEARCH_USER_PATHS = NO;
				CLANG_CXX_LANGUAGE_STANDARD = "gnu++0x";
				CLANG_CXX_LIBRARY = "libc++";
				CLANG_ENABLE_MODULES = YES;
				CLANG_ENABLE_OBJC_ARC = YES;
				CLANG_WARN_BOOL_CONVERSION = YES;
				CLANG_WARN_CONSTANT_CONVERSION = YES;
				CLANG_WARN_DIRECT_OBJC_ISA_USAGE = YES_ERROR;
				CLANG_WARN_EMPTY_BODY = YES;
				CLANG_WARN_ENUM_CONVERSION = YES;
				CLANG_WARN_INT_CONVERSION = YES;
				CLANG_WARN_OBJC_ROOT_CLASS = YES_ERROR;
				CLANG_WARN_UNREACHABLE_CODE = YES;
				CLANG_WARN__DUPLICATE_METHOD_MATCH = YES;
				CODE_SIGN_IDENTITY = "-";
				COPY_PHASE_STRIP = NO;
				DEBUG_INFORMATION_FORMAT = "dwarf-with-dsym";
				ENABLE_NS_ASSERTIONS = NO;
				ENABLE_STRICT_OBJC_MSGSEND = YES;
				GCC_C_LANGUAGE_STANDARD = gnu99;
				GCC_NO_COMMON_BLOCKS = YES;
				GCC_WARN_64_TO_32_BIT_CONVERSION = YES;
				GCC_WARN_ABOUT_RETURN_TYPE = YES_ERROR;
				GCC_WARN_UNDECLARED_SELECTOR = YES;
				GCC_WARN_UNINITIALIZED_AUTOS = YES_AGGRESSIVE;
				GCC_WARN_UNUSED_FUNCTION = YES;
				GCC_WARN_UNUSED_VARIABLE = YES;
				MACOSX_DEPLOYMENT_TARGET = 10.11;
				MTL_ENABLE_DEBUG_INFO = NO;
				SDKROOT = macosx;
			};
			name = Release;
		};
		6198DEEF1C79221700D18E53 /* Debug */ = {
			isa = XCBuildConfiguration;
			buildSettings = {
				PRODUCT_NAME = "$(TARGET_NAME)";
			};
			name = Debug;
		};
		6198DEF01C79221700D18E53 /* Release */ = {
			isa = XCBuildConfiguration;
			buildSettings = {
				PRODUCT_NAME = "$(TARGET_NAME)";
			};
			name = Release;
		};
/* End XCBuildConfiguration section */

/* Begin XCConfigurationList section */
		6198DEE21C79221700D18E53 /* Build configuration list for PBXProject "ARDUINO" */ = {
			isa = XCConfigurationList;
			buildConfigurations = (
				6198DEEC1C79221700D18E53 /* Debug */,
				6198DEED1C79221700D18E53 /* Release */,
			);
			defaultConfigurationIsVisible = 0;
			defaultConfigurationName = Release;
		};
		6198DEEE1C79221700D18E53 /* Build configuration list for PBXNativeTarget "ARDUINO" */ = {
			isa = XCConfigurationList;
			buildConfigurations = (
				6198DEEF1C79221700D18E53 /* Debug */,
				6198DEF01C79221700D18E53 /* Release */,
			);
			defaultConfigurationIsVisible = 0;
		};
/* End XCConfigurationList section */
	};
	rootObject = 6198DEDF1C79221700D18E53 /* Project object */;
}
